// !$*UTF8*$!
{
	archiveVersion = 1;
	classes = {
	};
	objectVersion = 56;
	objects = {

/* Begin PBXBuildFile section */
		BD1D2F512B02A82100B46566 /* AppDelegate.swift in Sources */ = {isa = PBXBuildFile; fileRef = BD1D2F502B02A82100B46566 /* AppDelegate.swift */; };
		BD1D2F532B02A82100B46566 /* SceneDelegate.swift in Sources */ = {isa = PBXBuildFile; fileRef = BD1D2F522B02A82100B46566 /* SceneDelegate.swift */; };
		BD1D2F552B02A82100B46566 /* ViewController.swift in Sources */ = {isa = PBXBuildFile; fileRef = BD1D2F542B02A82100B46566 /* ViewController.swift */; };
		BD1D2F582B02A82100B46566 /* Main.storyboard in Resources */ = {isa = PBXBuildFile; fileRef = BD1D2F562B02A82100B46566 /* Main.storyboard */; };
		BD1D2F5A2B02A82300B46566 /* Assets.xcassets in Resources */ = {isa = PBXBuildFile; fileRef = BD1D2F592B02A82300B46566 /* Assets.xcassets */; };
		BD1D2F5D2B02A82300B46566 /* LaunchScreen.storyboard in Resources */ = {isa = PBXBuildFile; fileRef = BD1D2F5B2B02A82300B46566 /* LaunchScreen.storyboard */; };
		BD1D2F682B02A82300B46566 /* AnalyticsManagerTests.swift in Sources */ = {isa = PBXBuildFile; fileRef = BD1D2F672B02A82300B46566 /* AnalyticsManagerTests.swift */; };
		BD1D2F722B02A82300B46566 /* AnalyticsManagerUITests.swift in Sources */ = {isa = PBXBuildFile; fileRef = BD1D2F712B02A82300B46566 /* AnalyticsManagerUITests.swift */; };
		BD1D2F742B02A82300B46566 /* AnalyticsManagerUITestsLaunchTests.swift in Sources */ = {isa = PBXBuildFile; fileRef = BD1D2F732B02A82300B46566 /* AnalyticsManagerUITestsLaunchTests.swift */; };
/* End PBXBuildFile section */

/* Begin PBXContainerItemProxy section */
		BD1D2F642B02A82300B46566 /* PBXContainerItemProxy */ = {
			isa = PBXContainerItemProxy;
			containerPortal = BD1D2F452B02A82100B46566 /* Project object */;
			proxyType = 1;
			remoteGlobalIDString = BD1D2F4C2B02A82100B46566;
			remoteInfo = AnalyticsManager;
		};
		BD1D2F6E2B02A82300B46566 /* PBXContainerItemProxy */ = {
			isa = PBXContainerItemProxy;
			containerPortal = BD1D2F452B02A82100B46566 /* Project object */;
			proxyType = 1;
			remoteGlobalIDString = BD1D2F4C2B02A82100B46566;
			remoteInfo = AnalyticsManager;
		};
/* End PBXContainerItemProxy section */

/* Begin PBXFileReference section */
		BD1D2F4D2B02A82100B46566 /* AnalyticsManager.app */ = {isa = PBXFileReference; explicitFileType = wrapper.application; includeInIndex = 0; path = AnalyticsManager.app; sourceTree = BUILT_PRODUCTS_DIR; };
		BD1D2F502B02A82100B46566 /* AppDelegate.swift */ = {isa = PBXFileReference; lastKnownFileType = sourcecode.swift; path = AppDelegate.swift; sourceTree = "<group>"; };
		BD1D2F522B02A82100B46566 /* SceneDelegate.swift */ = {isa = PBXFileReference; lastKnownFileType = sourcecode.swift; path = SceneDelegate.swift; sourceTree = "<group>"; };
		BD1D2F542B02A82100B46566 /* ViewController.swift */ = {isa = PBXFileReference; lastKnownFileType = sourcecode.swift; path = ViewController.swift; sourceTree = "<group>"; };
		BD1D2F572B02A82100B46566 /* Base */ = {isa = PBXFileReference; lastKnownFileType = file.storyboard; name = Base; path = Base.lproj/Main.storyboard; sourceTree = "<group>"; };
		BD1D2F592B02A82300B46566 /* Assets.xcassets */ = {isa = PBXFileReference; lastKnownFileType = folder.assetcatalog; path = Assets.xcassets; sourceTree = "<group>"; };
		BD1D2F5C2B02A82300B46566 /* Base */ = {isa = PBXFileReference; lastKnownFileType = file.storyboard; name = Base; path = Base.lproj/LaunchScreen.storyboard; sourceTree = "<group>"; };
		BD1D2F5E2B02A82300B46566 /* Info.plist */ = {isa = PBXFileReference; lastKnownFileType = text.plist.xml; path = Info.plist; sourceTree = "<group>"; };
		BD1D2F632B02A82300B46566 /* AnalyticsManagerTests.xctest */ = {isa = PBXFileReference; explicitFileType = wrapper.cfbundle; includeInIndex = 0; path = AnalyticsManagerTests.xctest; sourceTree = BUILT_PRODUCTS_DIR; };
		BD1D2F672B02A82300B46566 /* AnalyticsManagerTests.swift */ = {isa = PBXFileReference; lastKnownFileType = sourcecode.swift; path = AnalyticsManagerTests.swift; sourceTree = "<group>"; };
		BD1D2F6D2B02A82300B46566 /* AnalyticsManagerUITests.xctest */ = {isa = PBXFileReference; explicitFileType = wrapper.cfbundle; includeInIndex = 0; path = AnalyticsManagerUITests.xctest; sourceTree = BUILT_PRODUCTS_DIR; };
		BD1D2F712B02A82300B46566 /* AnalyticsManagerUITests.swift */ = {isa = PBXFileReference; lastKnownFileType = sourcecode.swift; path = AnalyticsManagerUITests.swift; sourceTree = "<group>"; };
		BD1D2F732B02A82300B46566 /* AnalyticsManagerUITestsLaunchTests.swift */ = {isa = PBXFileReference; lastKnownFileType = sourcecode.swift; path = AnalyticsManagerUITestsLaunchTests.swift; sourceTree = "<group>"; };
/* End PBXFileReference section */

/* Begin PBXFrameworksBuildPhase section */
		BD1D2F4A2B02A82100B46566 /* Frameworks */ = {
			isa = PBXFrameworksBuildPhase;
			buildActionMask = 2147483647;
			files = (
			);
			runOnlyForDeploymentPostprocessing = 0;
		};
		BD1D2F602B02A82300B46566 /* Frameworks */ = {
			isa = PBXFrameworksBuildPhase;
			buildActionMask = 2147483647;
			files = (
			);
			runOnlyForDeploymentPostprocessing = 0;
		};
		BD1D2F6A2B02A82300B46566 /* Frameworks */ = {
			isa = PBXFrameworksBuildPhase;
			buildActionMask = 2147483647;
			files = (
			);
			runOnlyForDeploymentPostprocessing = 0;
		};
/* End PBXFrameworksBuildPhase section */

/* Begin PBXGroup section */
		BD1D2F442B02A82100B46566 = {
			isa = PBXGroup;
			children = (
				BD1D2F4F2B02A82100B46566 /* AnalyticsManager */,
				BD1D2F662B02A82300B46566 /* AnalyticsManagerTests */,
				BD1D2F702B02A82300B46566 /* AnalyticsManagerUITests */,
				BD1D2F4E2B02A82100B46566 /* Products */,
			);
			sourceTree = "<group>";
		};
		BD1D2F4E2B02A82100B46566 /* Products */ = {
			isa = PBXGroup;
			children = (
				BD1D2F4D2B02A82100B46566 /* AnalyticsManager.app */,
				BD1D2F632B02A82300B46566 /* AnalyticsManagerTests.xctest */,
				BD1D2F6D2B02A82300B46566 /* AnalyticsManagerUITests.xctest */,
			);
			name = Products;
			sourceTree = "<group>";
		};
		BD1D2F4F2B02A82100B46566 /* AnalyticsManager */ = {
			isa = PBXGroup;
			children = (
				BD1D2F502B02A82100B46566 /* AppDelegate.swift */,
				BD1D2F522B02A82100B46566 /* SceneDelegate.swift */,
				BD1D2F542B02A82100B46566 /* ViewController.swift */,
				BD1D2F562B02A82100B46566 /* Main.storyboard */,
				BD1D2F592B02A82300B46566 /* Assets.xcassets */,
				BD1D2F5B2B02A82300B46566 /* LaunchScreen.storyboard */,
				BD1D2F5E2B02A82300B46566 /* Info.plist */,
			);
			path = AnalyticsManager;
			sourceTree = "<group>";
		};
		BD1D2F662B02A82300B46566 /* AnalyticsManagerTests */ = {
			isa = PBXGroup;
			children = (
				BD1D2F672B02A82300B46566 /* AnalyticsManagerTests.swift */,
			);
			path = AnalyticsManagerTests;
			sourceTree = "<group>";
		};
		BD1D2F702B02A82300B46566 /* AnalyticsManagerUITests */ = {
			isa = PBXGroup;
			children = (
				BD1D2F712B02A82300B46566 /* AnalyticsManagerUITests.swift */,
				BD1D2F732B02A82300B46566 /* AnalyticsManagerUITestsLaunchTests.swift */,
			);
			path = AnalyticsManagerUITests;
			sourceTree = "<group>";
		};
/* End PBXGroup section */

/* Begin PBXNativeTarget section */
		BD1D2F4C2B02A82100B46566 /* AnalyticsManager */ = {
			isa = PBXNativeTarget;
			buildConfigurationList = BD1D2F772B02A82300B46566 /* Build configuration list for PBXNativeTarget "AnalyticsManager" */;
			buildPhases = (
				BD1D2F492B02A82100B46566 /* Sources */,
				BD1D2F4A2B02A82100B46566 /* Frameworks */,
				BD1D2F4B2B02A82100B46566 /* Resources */,
			);
			buildRules = (
			);
			dependencies = (
			);
			name = AnalyticsManager;
			productName = AnalyticsManager;
			productReference = BD1D2F4D2B02A82100B46566 /* AnalyticsManager.app */;
			productType = "com.apple.product-type.application";
		};
		BD1D2F622B02A82300B46566 /* AnalyticsManagerTests */ = {
			isa = PBXNativeTarget;
			buildConfigurationList = BD1D2F7A2B02A82300B46566 /* Build configuration list for PBXNativeTarget "AnalyticsManagerTests" */;
			buildPhases = (
				BD1D2F5F2B02A82300B46566 /* Sources */,
				BD1D2F602B02A82300B46566 /* Frameworks */,
				BD1D2F612B02A82300B46566 /* Resources */,
			);
			buildRules = (
			);
			dependencies = (
				BD1D2F652B02A82300B46566 /* PBXTargetDependency */,
			);
			name = AnalyticsManagerTests;
			productName = AnalyticsManagerTests;
			productReference = BD1D2F632B02A82300B46566 /* AnalyticsManagerTests.xctest */;
			productType = "com.apple.product-type.bundle.unit-test";
		};
		BD1D2F6C2B02A82300B46566 /* AnalyticsManagerUITests */ = {
			isa = PBXNativeTarget;
			buildConfigurationList = BD1D2F7D2B02A82300B46566 /* Build configuration list for PBXNativeTarget "AnalyticsManagerUITests" */;
			buildPhases = (
				BD1D2F692B02A82300B46566 /* Sources */,
				BD1D2F6A2B02A82300B46566 /* Frameworks */,
				BD1D2F6B2B02A82300B46566 /* Resources */,
			);
			buildRules = (
			);
			dependencies = (
				BD1D2F6F2B02A82300B46566 /* PBXTargetDependency */,
			);
			name = AnalyticsManagerUITests;
			productName = AnalyticsManagerUITests;
			productReference = BD1D2F6D2B02A82300B46566 /* AnalyticsManagerUITests.xctest */;
			productType = "com.apple.product-type.bundle.ui-testing";
		};
/* End PBXNativeTarget section */

/* Begin PBXProject section */
		BD1D2F452B02A82100B46566 /* Project object */ = {
			isa = PBXProject;
			attributes = {
				BuildIndependentTargetsInParallel = 1;
				LastSwiftUpdateCheck = 1410;
				LastUpgradeCheck = 1410;
				TargetAttributes = {
					BD1D2F4C2B02A82100B46566 = {
						CreatedOnToolsVersion = 14.1;
					};
					BD1D2F622B02A82300B46566 = {
						CreatedOnToolsVersion = 14.1;
						TestTargetID = BD1D2F4C2B02A82100B46566;
					};
					BD1D2F6C2B02A82300B46566 = {
						CreatedOnToolsVersion = 14.1;
						TestTargetID = BD1D2F4C2B02A82100B46566;
					};
				};
			};
			buildConfigurationList = BD1D2F482B02A82100B46566 /* Build configuration list for PBXProject "AnalyticsManager" */;
			compatibilityVersion = "Xcode 14.0";
			developmentRegion = en;
			hasScannedForEncodings = 0;
			knownRegions = (
				en,
				Base,
			);
			mainGroup = BD1D2F442B02A82100B46566;
			productRefGroup = BD1D2F4E2B02A82100B46566 /* Products */;
			projectDirPath = "";
			projectRoot = "";
			targets = (
				BD1D2F4C2B02A82100B46566 /* AnalyticsManager */,
				BD1D2F622B02A82300B46566 /* AnalyticsManagerTests */,
				BD1D2F6C2B02A82300B46566 /* AnalyticsManagerUITests */,
			);
		};
/* End PBXProject section */

/* Begin PBXResourcesBuildPhase section */
		BD1D2F4B2B02A82100B46566 /* Resources */ = {
			isa = PBXResourcesBuildPhase;
			buildActionMask = 2147483647;
			files = (
				BD1D2F5D2B02A82300B46566 /* LaunchScreen.storyboard in Resources */,
				BD1D2F5A2B02A82300B46566 /* Assets.xcassets in Resources */,
				BD1D2F582B02A82100B46566 /* Main.storyboard in Resources */,
			);
			runOnlyForDeploymentPostprocessing = 0;
		};
		BD1D2F612B02A82300B46566 /* Resources */ = {
			isa = PBXResourcesBuildPhase;
			buildActionMask = 2147483647;
			files = (
			);
			runOnlyForDeploymentPostprocessing = 0;
		};
		BD1D2F6B2B02A82300B46566 /* Resources */ = {
			isa = PBXResourcesBuildPhase;
			buildActionMask = 2147483647;
			files = (
			);
			runOnlyForDeploymentPostprocessing = 0;
		};
/* End PBXResourcesBuildPhase section */

/* Begin PBXSourcesBuildPhase section */
		BD1D2F492B02A82100B46566 /* Sources */ = {
			isa = PBXSourcesBuildPhase;
			buildActionMask = 2147483647;
			files = (
				BD1D2F552B02A82100B46566 /* ViewController.swift in Sources */,
				BD1D2F512B02A82100B46566 /* AppDelegate.swift in Sources */,
				BD1D2F532B02A82100B46566 /* SceneDelegate.swift in Sources */,
			);
			runOnlyForDeploymentPostprocessing = 0;
		};
		BD1D2F5F2B02A82300B46566 /* Sources */ = {
			isa = PBXSourcesBuildPhase;
			buildActionMask = 2147483647;
			files = (
				BD1D2F682B02A82300B46566 /* AnalyticsManagerTests.swift in Sources */,
			);
			runOnlyForDeploymentPostprocessing = 0;
		};
		BD1D2F692B02A82300B46566 /* Sources */ = {
			isa = PBXSourcesBuildPhase;
			buildActionMask = 2147483647;
			files = (
				BD1D2F722B02A82300B46566 /* AnalyticsManagerUITests.swift in Sources */,
				BD1D2F742B02A82300B46566 /* AnalyticsManagerUITestsLaunchTests.swift in Sources */,
			);
			runOnlyForDeploymentPostprocessing = 0;
		};
/* End PBXSourcesBuildPhase section */

/* Begin PBXTargetDependency section */
		BD1D2F652B02A82300B46566 /* PBXTargetDependency */ = {
			isa = PBXTargetDependency;
			target = BD1D2F4C2B02A82100B46566 /* AnalyticsManager */;
			targetProxy = BD1D2F642B02A82300B46566 /* PBXContainerItemProxy */;
		};
		BD1D2F6F2B02A82300B46566 /* PBXTargetDependency */ = {
			isa = PBXTargetDependency;
			target = BD1D2F4C2B02A82100B46566 /* AnalyticsManager */;
			targetProxy = BD1D2F6E2B02A82300B46566 /* PBXContainerItemProxy */;
		};
/* End PBXTargetDependency section */

/* Begin PBXVariantGroup section */
		BD1D2F562B02A82100B46566 /* Main.storyboard */ = {
			isa = PBXVariantGroup;
			children = (
				BD1D2F572B02A82100B46566 /* Base */,
			);
			name = Main.storyboard;
			sourceTree = "<group>";
		};
		BD1D2F5B2B02A82300B46566 /* LaunchScreen.storyboard */ = {
			isa = PBXVariantGroup;
			children = (
				BD1D2F5C2B02A82300B46566 /* Base */,
			);
			name = LaunchScreen.storyboard;
			sourceTree = "<group>";
		};
/* End PBXVariantGroup section */

/* Begin XCBuildConfiguration section */
		BD1D2F752B02A82300B46566 /* Debug */ = {
			isa = XCBuildConfiguration;
			buildSettings = {
				ALWAYS_SEARCH_USER_PATHS = NO;
				CLANG_ANALYZER_NONNULL = YES;
				CLANG_ANALYZER_NUMBER_OBJECT_CONVERSION = YES_AGGRESSIVE;
				CLANG_CXX_LANGUAGE_STANDARD = "gnu++20";
				CLANG_ENABLE_MODULES = YES;
				CLANG_ENABLE_OBJC_ARC = YES;
				CLANG_ENABLE_OBJC_WEAK = YES;
				CLANG_WARN_BLOCK_CAPTURE_AUTORELEASING = YES;
				CLANG_WARN_BOOL_CONVERSION = YES;
				CLANG_WARN_COMMA = YES;
				CLANG_WARN_CONSTANT_CONVERSION = YES;
				CLANG_WARN_DEPRECATED_OBJC_IMPLEMENTATIONS = YES;
				CLANG_WARN_DIRECT_OBJC_ISA_USAGE = YES_ERROR;
				CLANG_WARN_DOCUMENTATION_COMMENTS = YES;
				CLANG_WARN_EMPTY_BODY = YES;
				CLANG_WARN_ENUM_CONVERSION = YES;
				CLANG_WARN_INFINITE_RECURSION = YES;
				CLANG_WARN_INT_CONVERSION = YES;
				CLANG_WARN_NON_LITERAL_NULL_CONVERSION = YES;
				CLANG_WARN_OBJC_IMPLICIT_RETAIN_SELF = YES;
				CLANG_WARN_OBJC_LITERAL_CONVERSION = YES;
				CLANG_WARN_OBJC_ROOT_CLASS = YES_ERROR;
				CLANG_WARN_QUOTED_INCLUDE_IN_FRAMEWORK_HEADER = YES;
				CLANG_WARN_RANGE_LOOP_ANALYSIS = YES;
				CLANG_WARN_STRICT_PROTOTYPES = YES;
				CLANG_WARN_SUSPICIOUS_MOVE = YES;
				CLANG_WARN_UNGUARDED_AVAILABILITY = YES_AGGRESSIVE;
				CLANG_WARN_UNREACHABLE_CODE = YES;
				CLANG_WARN__DUPLICATE_METHOD_MATCH = YES;
				COPY_PHASE_STRIP = NO;
				DEBUG_INFORMATION_FORMAT = dwarf;
				ENABLE_STRICT_OBJC_MSGSEND = YES;
				ENABLE_TESTABILITY = YES;
				GCC_C_LANGUAGE_STANDARD = gnu11;
				GCC_DYNAMIC_NO_PIC = NO;
				GCC_NO_COMMON_BLOCKS = YES;
				GCC_OPTIMIZATION_LEVEL = 0;
				GCC_PREPROCESSOR_DEFINITIONS = (
					"DEBUG=1",
					"$(inherited)",
				);
				GCC_WARN_64_TO_32_BIT_CONVERSION = YES;
				GCC_WARN_ABOUT_RETURN_TYPE = YES_ERROR;
				GCC_WARN_UNDECLARED_SELECTOR = YES;
				GCC_WARN_UNINITIALIZED_AUTOS = YES_AGGRESSIVE;
				GCC_WARN_UNUSED_FUNCTION = YES;
				GCC_WARN_UNUSED_VARIABLE = YES;
				IPHONEOS_DEPLOYMENT_TARGET = 16.1;
				MTL_ENABLE_DEBUG_INFO = INCLUDE_SOURCE;
				MTL_FAST_MATH = YES;
				ONLY_ACTIVE_ARCH = YES;
				SDKROOT = iphoneos;
				SWIFT_ACTIVE_COMPILATION_CONDITIONS = DEBUG;
				SWIFT_OPTIMIZATION_LEVEL = "-Onone";
			};
			name = Debug;
		};
		BD1D2F762B02A82300B46566 /* Release */ = {
			isa = XCBuildConfiguration;
			buildSettings = {
				ALWAYS_SEARCH_USER_PATHS = NO;
				CLANG_ANALYZER_NONNULL = YES;
				CLANG_ANALYZER_NUMBER_OBJECT_CONVERSION = YES_AGGRESSIVE;
				CLANG_CXX_LANGUAGE_STANDARD = "gnu++20";
				CLANG_ENABLE_MODULES = YES;
				CLANG_ENABLE_OBJC_ARC = YES;
				CLANG_ENABLE_OBJC_WEAK = YES;
				CLANG_WARN_BLOCK_CAPTURE_AUTORELEASING = YES;
				CLANG_WARN_BOOL_CONVERSION = YES;
				CLANG_WARN_COMMA = YES;
				CLANG_WARN_CONSTANT_CONVERSION = YES;
				CLANG_WARN_DEPRECATED_OBJC_IMPLEMENTATIONS = YES;
				CLANG_WARN_DIRECT_OBJC_ISA_USAGE = YES_ERROR;
				CLANG_WARN_DOCUMENTATION_COMMENTS = YES;
				CLANG_WARN_EMPTY_BODY = YES;
				CLANG_WARN_ENUM_CONVERSION = YES;
				CLANG_WARN_INFINITE_RECURSION = YES;
				CLANG_WARN_INT_CONVERSION = YES;
				CLANG_WARN_NON_LITERAL_NULL_CONVERSION = YES;
				CLANG_WARN_OBJC_IMPLICIT_RETAIN_SELF = YES;
				CLANG_WARN_OBJC_LITERAL_CONVERSION = YES;
				CLANG_WARN_OBJC_ROOT_CLASS = YES_ERROR;
				CLANG_WARN_QUOTED_INCLUDE_IN_FRAMEWORK_HEADER = YES;
				CLANG_WARN_RANGE_LOOP_ANALYSIS = YES;
				CLANG_WARN_STRICT_PROTOTYPES = YES;
				CLANG_WARN_SUSPICIOUS_MOVE = YES;
				CLANG_WARN_UNGUARDED_AVAILABILITY = YES_AGGRESSIVE;
				CLANG_WARN_UNREACHABLE_CODE = YES;
				CLANG_WARN__DUPLICATE_METHOD_MATCH = YES;
				COPY_PHASE_STRIP = NO;
				DEBUG_INFORMATION_FORMAT = "dwarf-with-dsym";
				ENABLE_NS_ASSERTIONS = NO;
				ENABLE_STRICT_OBJC_MSGSEND = YES;
				GCC_C_LANGUAGE_STANDARD = gnu11;
				GCC_NO_COMMON_BLOCKS = YES;
				GCC_WARN_64_TO_32_BIT_CONVERSION = YES;
				GCC_WARN_ABOUT_RETURN_TYPE = YES_ERROR;
				GCC_WARN_UNDECLARED_SELECTOR = YES;
				GCC_WARN_UNINITIALIZED_AUTOS = YES_AGGRESSIVE;
				GCC_WARN_UNUSED_FUNCTION = YES;
				GCC_WARN_UNUSED_VARIABLE = YES;
				IPHONEOS_DEPLOYMENT_TARGET = 16.1;
				MTL_ENABLE_DEBUG_INFO = NO;
				MTL_FAST_MATH = YES;
				SDKROOT = iphoneos;
				SWIFT_COMPILATION_MODE = wholemodule;
				SWIFT_OPTIMIZATION_LEVEL = "-O";
				VALIDATE_PRODUCT = YES;
			};
			name = Release;
		};
		BD1D2F782B02A82300B46566 /* Debug */ = {
			isa = XCBuildConfiguration;
			buildSettings = {
				ASSETCATALOG_COMPILER_APPICON_NAME = AppIcon;
				ASSETCATALOG_COMPILER_GLOBAL_ACCENT_COLOR_NAME = AccentColor;
				CODE_SIGN_STYLE = Automatic;
				CURRENT_PROJECT_VERSION = 1;
				GENERATE_INFOPLIST_FILE = YES;
				INFOPLIST_FILE = AnalyticsManager/Info.plist;
				INFOPLIST_KEY_UIApplicationSupportsIndirectInputEvents = YES;
				INFOPLIST_KEY_UILaunchStoryboardName = LaunchScreen;
				INFOPLIST_KEY_UIMainStoryboardFile = Main;
				INFOPLIST_KEY_UISupportedInterfaceOrientations_iPad = "UIInterfaceOrientationPortrait UIInterfaceOrientationPortraitUpsideDown UIInterfaceOrientationLandscapeLeft UIInterfaceOrientationLandscapeRight";
				INFOPLIST_KEY_UISupportedInterfaceOrientations_iPhone = "UIInterfaceOrientationPortrait UIInterfaceOrientationLandscapeLeft UIInterfaceOrientationLandscapeRight";
				LD_RUNPATH_SEARCH_PATHS = (
					"$(inherited)",
					"@executable_path/Frameworks",
				);
				MARKETING_VERSION = 1.0;
				PRODUCT_BUNDLE_IDENTIFIER = saikatdastatai.AnalyticsManager;
				PRODUCT_NAME = "$(TARGET_NAME)";
				SWIFT_EMIT_LOC_STRINGS = YES;
				SWIFT_VERSION = 5.0;
				TARGETED_DEVICE_FAMILY = "1,2";
			};
			name = Debug;
		};
		BD1D2F792B02A82300B46566 /* Release */ = {
			isa = XCBuildConfiguration;
			buildSettings = {
				ASSETCATALOG_COMPILER_APPICON_NAME = AppIcon;
				ASSETCATALOG_COMPILER_GLOBAL_ACCENT_COLOR_NAME = AccentColor;
				CODE_SIGN_STYLE = Automatic;
				CURRENT_PROJECT_VERSION = 1;
				GENERATE_INFOPLIST_FILE = YES;
				INFOPLIST_FILE = AnalyticsManager/Info.plist;
				INFOPLIST_KEY_UIApplicationSupportsIndirectInputEvents = YES;
				INFOPLIST_KEY_UILaunchStoryboardName = LaunchScreen;
				INFOPLIST_KEY_UIMainStoryboardFile = Main;
				INFOPLIST_KEY_UISupportedInterfaceOrientations_iPad = "UIInterfaceOrientationPortrait UIInterfaceOrientationPortraitUpsideDown UIInterfaceOrientationLandscapeLeft UIInterfaceOrientationLandscapeRight";
				INFOPLIST_KEY_UISupportedInterfaceOrientations_iPhone = "UIInterfaceOrientationPortrait UIInterfaceOrientationLandscapeLeft UIInterfaceOrientationLandscapeRight";
				LD_RUNPATH_SEARCH_PATHS = (
					"$(inherited)",
					"@executable_path/Frameworks",
				);
				MARKETING_VERSION = 1.0;
				PRODUCT_BUNDLE_IDENTIFIER = saikatdastatai.AnalyticsManager;
				PRODUCT_NAME = "$(TARGET_NAME)";
				SWIFT_EMIT_LOC_STRINGS = YES;
				SWIFT_VERSION = 5.0;
				TARGETED_DEVICE_FAMILY = "1,2";
			};
			name = Release;
		};
		BD1D2F7B2B02A82300B46566 /* Debug */ = {
			isa = XCBuildConfiguration;
			buildSettings = {
				ALWAYS_EMBED_SWIFT_STANDARD_LIBRARIES = YES;
				BUNDLE_LOADER = "$(TEST_HOST)";
				CODE_SIGN_STYLE = Automatic;
				CURRENT_PROJECT_VERSION = 1;
				GENERATE_INFOPLIST_FILE = YES;
				IPHONEOS_DEPLOYMENT_TARGET = 16.1;
				MARKETING_VERSION = 1.0;
				PRODUCT_BUNDLE_IDENTIFIER = saikatdastatai.AnalyticsManagerTests;
				PRODUCT_NAME = "$(TARGET_NAME)";
				SWIFT_EMIT_LOC_STRINGS = NO;
				SWIFT_VERSION = 5.0;
				TARGETED_DEVICE_FAMILY = "1,2";
				TEST_HOST = "$(BUILT_PRODUCTS_DIR)/AnalyticsManager.app/$(BUNDLE_EXECUTABLE_FOLDER_PATH)/AnalyticsManager";
			};
			name = Debug;
		};
		BD1D2F7C2B02A82300B46566 /* Release */ = {
			isa = XCBuildConfiguration;
			buildSettings = {
				ALWAYS_EMBED_SWIFT_STANDARD_LIBRARIES = YES;
				BUNDLE_LOADER = "$(TEST_HOST)";
				CODE_SIGN_STYLE = Automatic;
				CURRENT_PROJECT_VERSION = 1;
				GENERATE_INFOPLIST_FILE = YES;
				IPHONEOS_DEPLOYMENT_TARGET = 16.1;
				MARKETING_VERSION = 1.0;
				PRODUCT_BUNDLE_IDENTIFIER = saikatdastatai.AnalyticsManagerTests;
				PRODUCT_NAME = "$(TARGET_NAME)";
				SWIFT_EMIT_LOC_STRINGS = NO;
				SWIFT_VERSION = 5.0;
				TARGETED_DEVICE_FAMILY = "1,2";
				TEST_HOST = "$(BUILT_PRODUCTS_DIR)/AnalyticsManager.app/$(BUNDLE_EXECUTABLE_FOLDER_PATH)/AnalyticsManager";
			};
			name = Release;
		};
		BD1D2F7E2B02A82300B46566 /* Debug */ = {
			isa = XCBuildConfiguration;
			buildSettings = {
				ALWAYS_EMBED_SWIFT_STANDARD_LIBRARIES = YES;
				CODE_SIGN_STYLE = Automatic;
				CURRENT_PROJECT_VERSION = 1;
				GENERATE_INFOPLIST_FILE = YES;
				MARKETING_VERSION = 1.0;
				PRODUCT_BUNDLE_IDENTIFIER = saikatdastatai.AnalyticsManagerUITests;
				PRODUCT_NAME = "$(TARGET_NAME)";
				SWIFT_EMIT_LOC_STRINGS = NO;
				SWIFT_VERSION = 5.0;
				TARGETED_DEVICE_FAMILY = "1,2";
				TEST_TARGET_NAME = AnalyticsManager;
			};
			name = Debug;
		};
		BD1D2F7F2B02A82300B46566 /* Release */ = {
			isa = XCBuildConfiguration;
			buildSettings = {
				ALWAYS_EMBED_SWIFT_STANDARD_LIBRARIES = YES;
				CODE_SIGN_STYLE = Automatic;
				CURRENT_PROJECT_VERSION = 1;
				GENERATE_INFOPLIST_FILE = YES;
				MARKETING_VERSION = 1.0;
				PRODUCT_BUNDLE_IDENTIFIER = saikatdastatai.AnalyticsManagerUITests;
				PRODUCT_NAME = "$(TARGET_NAME)";
				SWIFT_EMIT_LOC_STRINGS = NO;
				SWIFT_VERSION = 5.0;
				TARGETED_DEVICE_FAMILY = "1,2";
				TEST_TARGET_NAME = AnalyticsManager;
			};
			name = Release;
		};
/* End XCBuildConfiguration section */

/* Begin XCConfigurationList section */
		BD1D2F482B02A82100B46566 /* Build configuration list for PBXProject "AnalyticsManager" */ = {
			isa = XCConfigurationList;
			buildConfigurations = (
				BD1D2F752B02A82300B46566 /* Debug */,
				BD1D2F762B02A82300B46566 /* Release */,
			);
			defaultConfigurationIsVisible = 0;
			defaultConfigurationName = Release;
		};
		BD1D2F772B02A82300B46566 /* Build configuration list for PBXNativeTarget "AnalyticsManager" */ = {
			isa = XCConfigurationList;
			buildConfigurations = (
				BD1D2F782B02A82300B46566 /* Debug */,
				BD1D2F792B02A82300B46566 /* Release */,
			);
			defaultConfigurationIsVisible = 0;
			defaultConfigurationName = Release;
		};
		BD1D2F7A2B02A82300B46566 /* Build configuration list for PBXNativeTarget "AnalyticsManagerTests" */ = {
			isa = XCConfigurationList;
			buildConfigurations = (
				BD1D2F7B2B02A82300B46566 /* Debug */,
				BD1D2F7C2B02A82300B46566 /* Release */,
			);
			defaultConfigurationIsVisible = 0;
			defaultConfigurationName = Release;
		};
		BD1D2F7D2B02A82300B46566 /* Build configuration list for PBXNativeTarget "AnalyticsManagerUITests" */ = {
			isa = XCConfigurationList;
			buildConfigurations = (
				BD1D2F7E2B02A82300B46566 /* Debug */,
				BD1D2F7F2B02A82300B46566 /* Release */,
			);
			defaultConfigurationIsVisible = 0;
			defaultConfigurationName = Release;
		};
/* End XCConfigurationList section */
	};
	rootObject = BD1D2F452B02A82100B46566 /* Project object */;
}
